
Microsoft Visual Studio Solution File, Format Version 12.00
# Visual Studio Version 16
VisualStudioVersion = 16.0.32929.386
MinimumVisualStudioVersion = 10.0.40219.1
Project("{FAE04EC0-301F-11D3-BF4B-00C04F79EFBC}") = "TolNfeFrameNet", "TolNfeFrameNet\TolNfeFrameNet.csproj", "{A7D2FDA6-B0EC-42FE-A80C-6020E5365651}"
EndProject
Global
	GlobalSection(SolutionConfigurationPlatforms) = preSolution
		Debug|Any CPU = Debug|Any CPU
		Release|Any CPU = Release|Any CPU
	EndGlobalSection
	GlobalSection(ProjectConfigurationPlatforms) = postSolution
		{A7D2FDA6-B0EC-42FE-A80C-6020E5365651}.Debug|Any CPU.ActiveCfg = Debug|Any CPU
		{A7D2FDA6-B0EC-42FE-A80C-6020E5365651}.Debug|Any CPU.Build.0 = Debug|Any CPU
		{A7D2FDA6-B0EC-42FE-A80C-6020E5365651}.Release|Any CPU.ActiveCfg = Release|Any CPU
		{A7D2FDA6-B0EC-42FE-A80C-6020E5365651}.Release|Any CPU.Build.0 = Release|Any CPU
	EndGlobalSection
	GlobalSection(SolutionProperties) = preSolution
		HideSolutionNode = FALSE
	EndGlobalSection
	GlobalSection(ExtensibilityGlobals) = postSolution
		SolutionGuid = {E54DE3E4-8FEE-4996-9FEF-74EA6E86407D}
	EndGlobalSection
EndGlobal
